// !$*UTF8*$!
{
	archiveVersion = 1;
	classes = {
	};
	objectVersion = 52;
	objects = {

/* Begin PBXBuildFile section */
		0870117226C2FCC5005BC325 /* Netflix_CloneApp.swift in Sources */ = {isa = PBXBuildFile; fileRef = 0870117126C2FCC5005BC325 /* Netflix_CloneApp.swift */; };
		0870117426C2FCC5005BC325 /* ContentView.swift in Sources */ = {isa = PBXBuildFile; fileRef = 0870117326C2FCC5005BC325 /* ContentView.swift */; };
		0870117626C2FCC6005BC325 /* Assets.xcassets in Resources */ = {isa = PBXBuildFile; fileRef = 0870117526C2FCC6005BC325 /* Assets.xcassets */; };
		0870117926C2FCC6005BC325 /* Preview Assets.xcassets in Resources */ = {isa = PBXBuildFile; fileRef = 0870117826C2FCC6005BC325 /* Preview Assets.xcassets */; };
		0870118726C2FEB6005BC325 /* HomeView.swift in Sources */ = {isa = PBXBuildFile; fileRef = 0870118626C2FEB6005BC325 /* HomeView.swift */; };
		0870118A26C30000005BC325 /* KingfisherSwiftUI in Frameworks */ = {isa = PBXBuildFile; productRef = 0870118926C30000005BC325 /* KingfisherSwiftUI */; };
		0870118C26C30038005BC325 /* Movie.swift in Sources */ = {isa = PBXBuildFile; fileRef = 0870118B26C30038005BC325 /* Movie.swift */; };
		0870118E26C300A2005BC325 /* StandardHomeMovie.swift in Sources */ = {isa = PBXBuildFile; fileRef = 0870118D26C300A2005BC325 /* StandardHomeMovie.swift */; };
		0870119026C300DB005BC325 /* GlobalHelpers.swift in Sources */ = {isa = PBXBuildFile; fileRef = 0870118F26C300DB005BC325 /* GlobalHelpers.swift */; };
		0870119226C30308005BC325 /* HomeVM.swift in Sources */ = {isa = PBXBuildFile; fileRef = 0870119126C30308005BC325 /* HomeVM.swift */; };
		0870119426C34A9E005BC325 /* TopMoviePreview.swift in Sources */ = {isa = PBXBuildFile; fileRef = 0870119326C34A9E005BC325 /* TopMoviePreview.swift */; };
		0870119626C366FA005BC325 /* SmallVerticleButton.swift in Sources */ = {isa = PBXBuildFile; fileRef = 0870119526C366FA005BC325 /* SmallVerticleButton.swift */; };
		0870119826C36B80005BC325 /* WhiteButton.swift in Sources */ = {isa = PBXBuildFile; fileRef = 0870119726C36B80005BC325 /* WhiteButton.swift */; };
/* End PBXBuildFile section */

/* Begin PBXFileReference section */
		0870116E26C2FCC5005BC325 /* Netflix Clone.app */ = {isa = PBXFileReference; explicitFileType = wrapper.application; includeInIndex = 0; path = "Netflix Clone.app"; sourceTree = BUILT_PRODUCTS_DIR; };
		0870117126C2FCC5005BC325 /* Netflix_CloneApp.swift */ = {isa = PBXFileReference; lastKnownFileType = sourcecode.swift; path = Netflix_CloneApp.swift; sourceTree = "<group>"; };
		0870117326C2FCC5005BC325 /* ContentView.swift */ = {isa = PBXFileReference; lastKnownFileType = sourcecode.swift; path = ContentView.swift; sourceTree = "<group>"; };
		0870117526C2FCC6005BC325 /* Assets.xcassets */ = {isa = PBXFileReference; lastKnownFileType = folder.assetcatalog; path = Assets.xcassets; sourceTree = "<group>"; };
		0870117826C2FCC6005BC325 /* Preview Assets.xcassets */ = {isa = PBXFileReference; lastKnownFileType = folder.assetcatalog; path = "Preview Assets.xcassets"; sourceTree = "<group>"; };
		0870117A26C2FCC6005BC325 /* Info.plist */ = {isa = PBXFileReference; lastKnownFileType = text.plist.xml; path = Info.plist; sourceTree = "<group>"; };
		0870118626C2FEB6005BC325 /* HomeView.swift */ = {isa = PBXFileReference; lastKnownFileType = sourcecode.swift; path = HomeView.swift; sourceTree = "<group>"; };
		0870118B26C30038005BC325 /* Movie.swift */ = {isa = PBXFileReference; lastKnownFileType = sourcecode.swift; path = Movie.swift; sourceTree = "<group>"; };
		0870118D26C300A2005BC325 /* StandardHomeMovie.swift */ = {isa = PBXFileReference; lastKnownFileType = sourcecode.swift; path = StandardHomeMovie.swift; sourceTree = "<group>"; };
		0870118F26C300DB005BC325 /* GlobalHelpers.swift */ = {isa = PBXFileReference; lastKnownFileType = sourcecode.swift; path = GlobalHelpers.swift; sourceTree = "<group>"; };
		0870119126C30308005BC325 /* HomeVM.swift */ = {isa = PBXFileReference; lastKnownFileType = sourcecode.swift; path = HomeVM.swift; sourceTree = "<group>"; };
		0870119326C34A9E005BC325 /* TopMoviePreview.swift */ = {isa = PBXFileReference; lastKnownFileType = sourcecode.swift; path = TopMoviePreview.swift; sourceTree = "<group>"; };
		0870119526C366FA005BC325 /* SmallVerticleButton.swift */ = {isa = PBXFileReference; lastKnownFileType = sourcecode.swift; path = SmallVerticleButton.swift; sourceTree = "<group>"; };
		0870119726C36B80005BC325 /* WhiteButton.swift */ = {isa = PBXFileReference; lastKnownFileType = sourcecode.swift; path = WhiteButton.swift; sourceTree = "<group>"; };
/* End PBXFileReference section */

/* Begin PBXFrameworksBuildPhase section */
		0870116B26C2FCC5005BC325 /* Frameworks */ = {
			isa = PBXFrameworksBuildPhase;
			buildActionMask = 2147483647;
			files = (
				0870118A26C30000005BC325 /* KingfisherSwiftUI in Frameworks */,
			);
			runOnlyForDeploymentPostprocessing = 0;
		};
/* End PBXFrameworksBuildPhase section */

/* Begin PBXGroup section */
		0870116526C2FCC5005BC325 = {
			isa = PBXGroup;
			children = (
				0870117026C2FCC5005BC325 /* Netflix Clone */,
				0870116F26C2FCC5005BC325 /* Products */,
			);
			sourceTree = "<group>";
		};
		0870116F26C2FCC5005BC325 /* Products */ = {
			isa = PBXGroup;
			children = (
				0870116E26C2FCC5005BC325 /* Netflix Clone.app */,
			);
			name = Products;
			sourceTree = "<group>";
		};
		0870117026C2FCC5005BC325 /* Netflix Clone */ = {
			isa = PBXGroup;
			children = (
				0870117126C2FCC5005BC325 /* Netflix_CloneApp.swift */,
				0870117326C2FCC5005BC325 /* ContentView.swift */,
				0870117526C2FCC6005BC325 /* Assets.xcassets */,
				0870117A26C2FCC6005BC325 /* Info.plist */,
				0870117726C2FCC6005BC325 /* Preview Content */,
				0870118626C2FEB6005BC325 /* HomeView.swift */,
				0870119126C30308005BC325 /* HomeVM.swift */,
				0870118B26C30038005BC325 /* Movie.swift */,
				0870118D26C300A2005BC325 /* StandardHomeMovie.swift */,
				0870118F26C300DB005BC325 /* GlobalHelpers.swift */,
				0870119326C34A9E005BC325 /* TopMoviePreview.swift */,
				0870119526C366FA005BC325 /* SmallVerticleButton.swift */,
				0870119726C36B80005BC325 /* WhiteButton.swift */,
			);
			path = "Netflix Clone";
			sourceTree = "<group>";
		};
		0870117726C2FCC6005BC325 /* Preview Content */ = {
			isa = PBXGroup;
			children = (
				0870117826C2FCC6005BC325 /* Preview Assets.xcassets */,
			);
			path = "Preview Content";
			sourceTree = "<group>";
		};
/* End PBXGroup section */

/* Begin PBXNativeTarget section */
		0870116D26C2FCC5005BC325 /* Netflix Clone */ = {
			isa = PBXNativeTarget;
			buildConfigurationList = 0870117D26C2FCC6005BC325 /* Build configuration list for PBXNativeTarget "Netflix Clone" */;
			buildPhases = (
				0870116A26C2FCC5005BC325 /* Sources */,
				0870116B26C2FCC5005BC325 /* Frameworks */,
				0870116C26C2FCC5005BC325 /* Resources */,
			);
			buildRules = (
			);
			dependencies = (
			);
			name = "Netflix Clone";
			packageProductDependencies = (
				0870118926C30000005BC325 /* KingfisherSwiftUI */,
			);
			productName = "Netflix Clone";
			productReference = 0870116E26C2FCC5005BC325 /* Netflix Clone.app */;
			productType = "com.apple.product-type.application";
		};
/* End PBXNativeTarget section */

/* Begin PBXProject section */
		0870116626C2FCC5005BC325 /* Project object */ = {
			isa = PBXProject;
			attributes = {
				LastSwiftUpdateCheck = 1250;
				LastUpgradeCheck = 1250;
				TargetAttributes = {
					0870116D26C2FCC5005BC325 = {
						CreatedOnToolsVersion = 12.5;
					};
				};
			};
			buildConfigurationList = 0870116926C2FCC5005BC325 /* Build configuration list for PBXProject "Netflix Clone" */;
			compatibilityVersion = "Xcode 9.3";
			developmentRegion = en;
			hasScannedForEncodings = 0;
			knownRegions = (
				en,
				Base,
			);
			mainGroup = 0870116526C2FCC5005BC325;
			packageReferences = (
				0870118826C30000005BC325 /* XCRemoteSwiftPackageReference "Kingfisher" */,
			);
			productRefGroup = 0870116F26C2FCC5005BC325 /* Products */;
			projectDirPath = "";
			projectRoot = "";
			targets = (
				0870116D26C2FCC5005BC325 /* Netflix Clone */,
			);
		};
/* End PBXProject section */

/* Begin PBXResourcesBuildPhase section */
		0870116C26C2FCC5005BC325 /* Resources */ = {
			isa = PBXResourcesBuildPhase;
			buildActionMask = 2147483647;
			files = (
				0870117926C2FCC6005BC325 /* Preview Assets.xcassets in Resources */,
				0870117626C2FCC6005BC325 /* Assets.xcassets in Resources */,
			);
			runOnlyForDeploymentPostprocessing = 0;
		};
/* End PBXResourcesBuildPhase section */

/* Begin PBXSourcesBuildPhase section */
		0870116A26C2FCC5005BC325 /* Sources */ = {
			isa = PBXSourcesBuildPhase;
			buildActionMask = 2147483647;
			files = (
				0870119626C366FA005BC325 /* SmallVerticleButton.swift in Sources */,
				0870119026C300DB005BC325 /* GlobalHelpers.swift in Sources */,
				0870118726C2FEB6005BC325 /* HomeView.swift in Sources */,
				0870119226C30308005BC325 /* HomeVM.swift in Sources */,
				0870117426C2FCC5005BC325 /* ContentView.swift in Sources */,
				0870118E26C300A2005BC325 /* StandardHomeMovie.swift in Sources */,
				0870119426C34A9E005BC325 /* TopMoviePreview.swift in Sources */,
				0870118C26C30038005BC325 /* Movie.swift in Sources */,
				0870117226C2FCC5005BC325 /* Netflix_CloneApp.swift in Sources */,
				0870119826C36B80005BC325 /* WhiteButton.swift in Sources */,
			);
			runOnlyForDeploymentPostprocessing = 0;
		};
/* End PBXSourcesBuildPhase section */

/* Begin XCBuildConfiguration section */
		0870117B26C2FCC6005BC325 /* Debug */ = {
			isa = XCBuildConfiguration;
			buildSettings = {
				ALWAYS_SEARCH_USER_PATHS = NO;
				CLANG_ANALYZER_NONNULL = YES;
				CLANG_ANALYZER_NUMBER_OBJECT_CONVERSION = YES_AGGRESSIVE;
				CLANG_CXX_LANGUAGE_STANDARD = "gnu++14";
				CLANG_CXX_LIBRARY = "libc++";
				CLANG_ENABLE_MODULES = YES;
				CLANG_ENABLE_OBJC_ARC = YES;
				CLANG_ENABLE_OBJC_WEAK = YES;
				CLANG_WARN_BLOCK_CAPTURE_AUTORELEASING = YES;
				CLANG_WARN_BOOL_CONVERSION = YES;
				CLANG_WARN_COMMA = YES;
				CLANG_WARN_CONSTANT_CONVERSION = YES;
				CLANG_WARN_DEPRECATED_OBJC_IMPLEMENTATIONS = YES;
				CLANG_WARN_DIRECT_OBJC_ISA_USAGE = YES_ERROR;
				CLANG_WARN_DOCUMENTATION_COMMENTS = YES;
				CLANG_WARN_EMPTY_BODY = YES;
				CLANG_WARN_ENUM_CONVERSION = YES;
				CLANG_WARN_INFINITE_RECURSION = YES;
				CLANG_WARN_INT_CONVERSION = YES;
				CLANG_WARN_NON_LITERAL_NULL_CONVERSION = YES;
				CLANG_WARN_OBJC_IMPLICIT_RETAIN_SELF = YES;
				CLANG_WARN_OBJC_LITERAL_CONVERSION = YES;
				CLANG_WARN_OBJC_ROOT_CLASS = YES_ERROR;
				CLANG_WARN_QUOTED_INCLUDE_IN_FRAMEWORK_HEADER = YES;
				CLANG_WARN_RANGE_LOOP_ANALYSIS = YES;
				CLANG_WARN_STRICT_PROTOTYPES = YES;
				CLANG_WARN_SUSPICIOUS_MOVE = YES;
				CLANG_WARN_UNGUARDED_AVAILABILITY = YES_AGGRESSIVE;
				CLANG_WARN_UNREACHABLE_CODE = YES;
				CLANG_WARN__DUPLICATE_METHOD_MATCH = YES;
				COPY_PHASE_STRIP = NO;
				DEBUG_INFORMATION_FORMAT = dwarf;
				ENABLE_STRICT_OBJC_MSGSEND = YES;
				ENABLE_TESTABILITY = YES;
				GCC_C_LANGUAGE_STANDARD = gnu11;
				GCC_DYNAMIC_NO_PIC = NO;
				GCC_NO_COMMON_BLOCKS = YES;
				GCC_OPTIMIZATION_LEVEL = 0;
				GCC_PREPROCESSOR_DEFINITIONS = (
					"DEBUG=1",
					"$(inherited)",
				);
				GCC_WARN_64_TO_32_BIT_CONVERSION = YES;
				GCC_WARN_ABOUT_RETURN_TYPE = YES_ERROR;
				GCC_WARN_UNDECLARED_SELECTOR = YES;
				GCC_WARN_UNINITIALIZED_AUTOS = YES_AGGRESSIVE;
				GCC_WARN_UNUSED_FUNCTION = YES;
				GCC_WARN_UNUSED_VARIABLE = YES;
				IPHONEOS_DEPLOYMENT_TARGET = 14.5;
				MTL_ENABLE_DEBUG_INFO = INCLUDE_SOURCE;
				MTL_FAST_MATH = YES;
				ONLY_ACTIVE_ARCH = YES;
				SDKROOT = iphoneos;
				SWIFT_ACTIVE_COMPILATION_CONDITIONS = DEBUG;
				SWIFT_OPTIMIZATION_LEVEL = "-Onone";
			};
			name = Debug;
		};
		0870117C26C2FCC6005BC325 /* Release */ = {
			isa = XCBuildConfiguration;
			buildSettings = {
				ALWAYS_SEARCH_USER_PATHS = NO;
				CLANG_ANALYZER_NONNULL = YES;
				CLANG_ANALYZER_NUMBER_OBJECT_CONVERSION = YES_AGGRESSIVE;
				CLANG_CXX_LANGUAGE_STANDARD = "gnu++14";
				CLANG_CXX_LIBRARY = "libc++";
				CLANG_ENABLE_MODULES = YES;
				CLANG_ENABLE_OBJC_ARC = YES;
				CLANG_ENABLE_OBJC_WEAK = YES;
				CLANG_WARN_BLOCK_CAPTURE_AUTORELEASING = YES;
				CLANG_WARN_BOOL_CONVERSION = YES;
				CLANG_WARN_COMMA = YES;
				CLANG_WARN_CONSTANT_CONVERSION = YES;
				CLANG_WARN_DEPRECATED_OBJC_IMPLEMENTATIONS = YES;
				CLANG_WARN_DIRECT_OBJC_ISA_USAGE = YES_ERROR;
				CLANG_WARN_DOCUMENTATION_COMMENTS = YES;
				CLANG_WARN_EMPTY_BODY = YES;
				CLANG_WARN_ENUM_CONVERSION = YES;
				CLANG_WARN_INFINITE_RECURSION = YES;
				CLANG_WARN_INT_CONVERSION = YES;
				CLANG_WARN_NON_LITERAL_NULL_CONVERSION = YES;
				CLANG_WARN_OBJC_IMPLICIT_RETAIN_SELF = YES;
				CLANG_WARN_OBJC_LITERAL_CONVERSION = YES;
				CLANG_WARN_OBJC_ROOT_CLASS = YES_ERROR;
				CLANG_WARN_QUOTED_INCLUDE_IN_FRAMEWORK_HEADER = YES;
				CLANG_WARN_RANGE_LOOP_ANALYSIS = YES;
				CLANG_WARN_STRICT_PROTOTYPES = YES;
				CLANG_WARN_SUSPICIOUS_MOVE = YES;
				CLANG_WARN_UNGUARDED_AVAILABILITY = YES_AGGRESSIVE;
				CLANG_WARN_UNREACHABLE_CODE = YES;
				CLANG_WARN__DUPLICATE_METHOD_MATCH = YES;
				COPY_PHASE_STRIP = NO;
				DEBUG_INFORMATION_FORMAT = "dwarf-with-dsym";
				ENABLE_NS_ASSERTIONS = NO;
				ENABLE_STRICT_OBJC_MSGSEND = YES;
				GCC_C_LANGUAGE_STANDARD = gnu11;
				GCC_NO_COMMON_BLOCKS = YES;
				GCC_WARN_64_TO_32_BIT_CONVERSION = YES;
				GCC_WARN_ABOUT_RETURN_TYPE = YES_ERROR;
				GCC_WARN_UNDECLARED_SELECTOR = YES;
				GCC_WARN_UNINITIALIZED_AUTOS = YES_AGGRESSIVE;
				GCC_WARN_UNUSED_FUNCTION = YES;
				GCC_WARN_UNUSED_VARIABLE = YES;
				IPHONEOS_DEPLOYMENT_TARGET = 14.5;
				MTL_ENABLE_DEBUG_INFO = NO;
				MTL_FAST_MATH = YES;
				SDKROOT = iphoneos;
				SWIFT_COMPILATION_MODE = wholemodule;
				SWIFT_OPTIMIZATION_LEVEL = "-O";
				VALIDATE_PRODUCT = YES;
			};
			name = Release;
		};
		0870117E26C2FCC6005BC325 /* Debug */ = {
			isa = XCBuildConfiguration;
			buildSettings = {
				ASSETCATALOG_COMPILER_APPICON_NAME = AppIcon;
				ASSETCATALOG_COMPILER_GLOBAL_ACCENT_COLOR_NAME = AccentColor;
				CODE_SIGN_STYLE = Automatic;
				DEVELOPMENT_ASSET_PATHS = "\"Netflix Clone/Preview Content\"";
				DEVELOPMENT_TEAM = S8F5YNFL7X;
				ENABLE_PREVIEWS = YES;
				INFOPLIST_FILE = "Netflix Clone/Info.plist";
				IPHONEOS_DEPLOYMENT_TARGET = 14.0;
				LD_RUNPATH_SEARCH_PATHS = (
					"$(inherited)",
					"@executable_path/Frameworks",
				);
				PRODUCT_BUNDLE_IDENTIFIER = "com.wlawsonkelly.Netflix-Clone";
				PRODUCT_NAME = "$(TARGET_NAME)";
				SWIFT_VERSION = 5.0;
				TARGETED_DEVICE_FAMILY = "1,2";
			};
			name = Debug;
		};
		0870117F26C2FCC6005BC325 /* Release */ = {
			isa = XCBuildConfiguration;
			buildSettings = {
				ASSETCATALOG_COMPILER_APPICON_NAME = AppIcon;
				ASSETCATALOG_COMPILER_GLOBAL_ACCENT_COLOR_NAME = AccentColor;
				CODE_SIGN_STYLE = Automatic;
				DEVELOPMENT_ASSET_PATHS = "\"Netflix Clone/Preview Content\"";
				DEVELOPMENT_TEAM = S8F5YNFL7X;
				ENABLE_PREVIEWS = YES;
				INFOPLIST_FILE = "Netflix Clone/Info.plist";
				IPHONEOS_DEPLOYMENT_TARGET = 14.0;
				LD_RUNPATH_SEARCH_PATHS = (
					"$(inherited)",
					"@executable_path/Frameworks",
				);
				PRODUCT_BUNDLE_IDENTIFIER = "com.wlawsonkelly.Netflix-Clone";
				PRODUCT_NAME = "$(TARGET_NAME)";
				SWIFT_VERSION = 5.0;
				TARGETED_DEVICE_FAMILY = "1,2";
			};
			name = Release;
		};
/* End XCBuildConfiguration section */

/* Begin XCConfigurationList section */
		0870116926C2FCC5005BC325 /* Build configuration list for PBXProject "Netflix Clone" */ = {
			isa = XCConfigurationList;
			buildConfigurations = (
				0870117B26C2FCC6005BC325 /* Debug */,
				0870117C26C2FCC6005BC325 /* Release */,
			);
			defaultConfigurationIsVisible = 0;
			defaultConfigurationName = Release;
		};
		0870117D26C2FCC6005BC325 /* Build configuration list for PBXNativeTarget "Netflix Clone" */ = {
			isa = XCConfigurationList;
			buildConfigurations = (
				0870117E26C2FCC6005BC325 /* Debug */,
				0870117F26C2FCC6005BC325 /* Release */,
			);
			defaultConfigurationIsVisible = 0;
			defaultConfigurationName = Release;
		};
/* End XCConfigurationList section */

/* Begin XCRemoteSwiftPackageReference section */
		0870118826C30000005BC325 /* XCRemoteSwiftPackageReference "Kingfisher" */ = {
			isa = XCRemoteSwiftPackageReference;
			repositoryURL = "https://github.com/onevcat/Kingfisher.git";
			requirement = {
				kind = exactVersion;
				version = 5.14.1;
			};
		};
/* End XCRemoteSwiftPackageReference section */

/* Begin XCSwiftPackageProductDependency section */
		0870118926C30000005BC325 /* KingfisherSwiftUI */ = {
			isa = XCSwiftPackageProductDependency;
			package = 0870118826C30000005BC325 /* XCRemoteSwiftPackageReference "Kingfisher" */;
			productName = KingfisherSwiftUI;
		};
/* End XCSwiftPackageProductDependency section */
	};
	rootObject = 0870116626C2FCC5005BC325 /* Project object */;
}
